
Microsoft Visual Studio Solution File, Format Version 12.00
# Visual Studio 2017
Project("{FAE04EC0-301F-11D3-BF4B-00C04F79EFBC}") = "C#_Programming", "C#_Programming.csproj", "{9639F2D5-4E6B-8054-5FFD-2063EACD598D}"
EndProject
Global
	GlobalSection(SolutionConfigurationPlatforms) = preSolution
		Debug|Any CPU = Debug|Any CPU
		Release|Any CPU = Release|Any CPU
	EndGlobalSection
	GlobalSection(ProjectConfigurationPlatforms) = postSolution
		{9639F2D5-4E6B-8054-5FFD-2063EACD598D}.Debug|Any CPU.ActiveCfg = Debug|Any CPU
		{9639F2D5-4E6B-8054-5FFD-2063EACD598D}.Debug|Any CPU.Build.0 = Debug|Any CPU
		{9639F2D5-4E6B-8054-5FFD-2063EACD598D}.Release|Any CPU.ActiveCfg = Release|Any CPU
		{9639F2D5-4E6B-8054-5FFD-2063EACD598D}.Release|Any CPU.Build.0 = Release|Any CPU
	EndGlobalSection
	GlobalSection(SolutionProperties) = preSolution
		HideSolutionNode = FALSE
	EndGlobalSection
EndGlobal
